Microsoft Visual Studio Solution File, Format Version 12.00
# Visual Studio Version 17
VisualStudioVersion = 17.5.2.0
MinimumVisualStudioVersion = 10.0.40219.1
Project("{FAE04EC0-301F-11D3-BF4B-00C04F79EFBC}") = "DatingAppCourse.Api", "DatingAppCourse.Api.csproj", "{151377AF-16F8-5836-8BC9-CFB15CD8B586}"
EndProject
Global
	GlobalSection(SolutionConfigurationPlatforms) = preSolution
		Debug|Any CPU = Debug|Any CPU
		Release|Any CPU = Release|Any CPU
	EndGlobalSection
	GlobalSection(ProjectConfigurationPlatforms) = postSolution
		{151377AF-16F8-5836-8BC9-CFB15CD8B586}.Debug|Any CPU.ActiveCfg = Debug|Any CPU
		{151377AF-16F8-5836-8BC9-CFB15CD8B586}.Debug|Any CPU.Build.0 = Debug|Any CPU
		{151377AF-16F8-5836-8BC9-CFB15CD8B586}.Release|Any CPU.ActiveCfg = Release|Any CPU
		{151377AF-16F8-5836-8BC9-CFB15CD8B586}.Release|Any CPU.Build.0 = Release|Any CPU
	EndGlobalSection
	GlobalSection(SolutionProperties) = preSolution
		HideSolutionNode = FALSE
	EndGlobalSection
	GlobalSection(ExtensibilityGlobals) = postSolution
		SolutionGuid = {D5666D8C-8DB6-4439-9C97-798F7FBAA045}
	EndGlobalSection
EndGlobal
